// !$*UTF8*$!
{
	archiveVersion = 1;
	classes = {
	};
	objectVersion = 56;
	objects = {

/* Begin PBXBuildFile section */
		69A8537129D079DB00254920 /* AppDelegate.swift in Sources */ = {isa = PBXBuildFile; fileRef = 69A8537029D079DB00254920 /* AppDelegate.swift */; };
		69A8537329D079DB00254920 /* SceneDelegate.swift in Sources */ = {isa = PBXBuildFile; fileRef = 69A8537229D079DB00254920 /* SceneDelegate.swift */; };
		69A8537829D079DB00254920 /* Main.storyboard in Resources */ = {isa = PBXBuildFile; fileRef = 69A8537629D079DB00254920 /* Main.storyboard */; };
		69A8537A29D079DC00254920 /* Assets.xcassets in Resources */ = {isa = PBXBuildFile; fileRef = 69A8537929D079DC00254920 /* Assets.xcassets */; };
		69A8537D29D079DC00254920 /* LaunchScreen.storyboard in Resources */ = {isa = PBXBuildFile; fileRef = 69A8537B29D079DC00254920 /* LaunchScreen.storyboard */; };
		69A8538C29D0845600254920 /* LoginController.swift in Sources */ = {isa = PBXBuildFile; fileRef = 69A8538B29D0845600254920 /* LoginController.swift */; };
		69A8538E29D0846800254920 /* RegistrationController.swift in Sources */ = {isa = PBXBuildFile; fileRef = 69A8538D29D0846800254920 /* RegistrationController.swift */; };
		69A8539029D0849200254920 /* AuthController.swift in Sources */ = {isa = PBXBuildFile; fileRef = 69A8538F29D0849200254920 /* AuthController.swift */; };
		69A8539529D19B3600254920 /* User.swift in Sources */ = {isa = PBXBuildFile; fileRef = 69A8539429D19B3600254920 /* User.swift */; };
		69A8539729D19C2300254920 /* Storage.swift in Sources */ = {isa = PBXBuildFile; fileRef = 69A8539629D19C2300254920 /* Storage.swift */; };
		69A8539B29D1BCFA00254920 /* Tools.swift in Sources */ = {isa = PBXBuildFile; fileRef = 69A8539A29D1BCFA00254920 /* Tools.swift */; };
		69D6343829D5846400E5C6C1 /* Film.swift in Sources */ = {isa = PBXBuildFile; fileRef = 69D6343729D5846400E5C6C1 /* Film.swift */; };
		69D6343A29D584B200E5C6C1 /* FilmController.swift in Sources */ = {isa = PBXBuildFile; fileRef = 69D6343929D584B200E5C6C1 /* FilmController.swift */; };
		69D6343C29D5AEC300E5C6C1 /* FilmTableViewController.swift in Sources */ = {isa = PBXBuildFile; fileRef = 69D6343B29D5AEC300E5C6C1 /* FilmTableViewController.swift */; };
/* End PBXBuildFile section */

/* Begin PBXFileReference section */
		69A8536D29D079DB00254920 /* FilmsInfo.app */ = {isa = PBXFileReference; explicitFileType = wrapper.application; includeInIndex = 0; path = FilmsInfo.app; sourceTree = BUILT_PRODUCTS_DIR; };
		69A8537029D079DB00254920 /* AppDelegate.swift */ = {isa = PBXFileReference; lastKnownFileType = sourcecode.swift; path = AppDelegate.swift; sourceTree = "<group>"; };
		69A8537229D079DB00254920 /* SceneDelegate.swift */ = {isa = PBXFileReference; lastKnownFileType = sourcecode.swift; path = SceneDelegate.swift; sourceTree = "<group>"; };
		69A8537729D079DB00254920 /* Base */ = {isa = PBXFileReference; lastKnownFileType = file.storyboard; name = Base; path = Base.lproj/Main.storyboard; sourceTree = "<group>"; };
		69A8537929D079DC00254920 /* Assets.xcassets */ = {isa = PBXFileReference; lastKnownFileType = folder.assetcatalog; path = Assets.xcassets; sourceTree = "<group>"; };
		69A8537C29D079DC00254920 /* Base */ = {isa = PBXFileReference; lastKnownFileType = file.storyboard; name = Base; path = Base.lproj/LaunchScreen.storyboard; sourceTree = "<group>"; };
		69A8537E29D079DC00254920 /* Info.plist */ = {isa = PBXFileReference; lastKnownFileType = text.plist.xml; path = Info.plist; sourceTree = "<group>"; };
		69A8538B29D0845600254920 /* LoginController.swift */ = {isa = PBXFileReference; lastKnownFileType = sourcecode.swift; path = LoginController.swift; sourceTree = "<group>"; };
		69A8538D29D0846800254920 /* RegistrationController.swift */ = {isa = PBXFileReference; lastKnownFileType = sourcecode.swift; path = RegistrationController.swift; sourceTree = "<group>"; };
		69A8538F29D0849200254920 /* AuthController.swift */ = {isa = PBXFileReference; lastKnownFileType = sourcecode.swift; path = AuthController.swift; sourceTree = "<group>"; };
		69A8539429D19B3600254920 /* User.swift */ = {isa = PBXFileReference; lastKnownFileType = sourcecode.swift; path = User.swift; sourceTree = "<group>"; };
		69A8539629D19C2300254920 /* Storage.swift */ = {isa = PBXFileReference; lastKnownFileType = sourcecode.swift; path = Storage.swift; sourceTree = "<group>"; };
		69A8539A29D1BCFA00254920 /* Tools.swift */ = {isa = PBXFileReference; lastKnownFileType = sourcecode.swift; path = Tools.swift; sourceTree = "<group>"; };
		69D6343729D5846400E5C6C1 /* Film.swift */ = {isa = PBXFileReference; lastKnownFileType = sourcecode.swift; path = Film.swift; sourceTree = "<group>"; };
		69D6343929D584B200E5C6C1 /* FilmController.swift */ = {isa = PBXFileReference; lastKnownFileType = sourcecode.swift; path = FilmController.swift; sourceTree = "<group>"; };
		69D6343B29D5AEC300E5C6C1 /* FilmTableViewController.swift */ = {isa = PBXFileReference; lastKnownFileType = sourcecode.swift; path = FilmTableViewController.swift; sourceTree = "<group>"; };
/* End PBXFileReference section */

/* Begin PBXFrameworksBuildPhase section */
		69A8536A29D079DB00254920 /* Frameworks */ = {
			isa = PBXFrameworksBuildPhase;
			buildActionMask = 2147483647;
			files = (
			);
			runOnlyForDeploymentPostprocessing = 0;
		};
/* End PBXFrameworksBuildPhase section */

/* Begin PBXGroup section */
		69A8536429D079DB00254920 = {
			isa = PBXGroup;
			children = (
				69A8536F29D079DB00254920 /* HDRezka */,
				69A8536E29D079DB00254920 /* Products */,
			);
			sourceTree = "<group>";
		};
		69A8536E29D079DB00254920 /* Products */ = {
			isa = PBXGroup;
			children = (
				69A8536D29D079DB00254920 /* FilmsInfo.app */,
			);
			name = Products;
			sourceTree = "<group>";
		};
		69A8536F29D079DB00254920 /* HDRezka */ = {
			isa = PBXGroup;
			children = (
				69D6343629D5845600E5C6C1 /* Model */,
				69A8539929D1BCE800254920 /* Helpers */,
				69A8538A29D0826400254920 /* Applications */,
				69A8538929D0825A00254920 /* Views */,
				69A8538829D081F200254920 /* Controllers */,
				69A8538629D07ABC00254920 /* Storage */,
				69A8538529D07AB500254920 /* Storyboards */,
				69A8538429D07AA900254920 /* Models */,
				69A8537929D079DC00254920 /* Assets.xcassets */,
				69A8537029D079DB00254920 /* AppDelegate.swift */,
				69A8537229D079DB00254920 /* SceneDelegate.swift */,
				69A8537E29D079DC00254920 /* Info.plist */,
			);
			path = HDRezka;
			sourceTree = "<group>";
		};
		69A8538429D07AA900254920 /* Models */ = {
			isa = PBXGroup;
			children = (
				69A8539429D19B3600254920 /* User.swift */,
			);
			path = Models;
			sourceTree = "<group>";
		};
		69A8538529D07AB500254920 /* Storyboards */ = {
			isa = PBXGroup;
			children = (
				69A8537B29D079DC00254920 /* LaunchScreen.storyboard */,
				69A8537629D079DB00254920 /* Main.storyboard */,
			);
			path = Storyboards;
			sourceTree = "<group>";
		};
		69A8538629D07ABC00254920 /* Storage */ = {
			isa = PBXGroup;
			children = (
				69A8539629D19C2300254920 /* Storage.swift */,
			);
			path = Storage;
			sourceTree = "<group>";
		};
		69A8538829D081F200254920 /* Controllers */ = {
			isa = PBXGroup;
			children = (
				69A8538B29D0845600254920 /* LoginController.swift */,
				69A8538D29D0846800254920 /* RegistrationController.swift */,
				69A8538F29D0849200254920 /* AuthController.swift */,
				69D6343929D584B200E5C6C1 /* FilmController.swift */,
				69D6343B29D5AEC300E5C6C1 /* FilmTableViewController.swift */,
			);
			path = Controllers;
			sourceTree = "<group>";
		};
		69A8538929D0825A00254920 /* Views */ = {
			isa = PBXGroup;
			children = (
			);
			path = Views;
			sourceTree = "<group>";
		};
		69A8538A29D0826400254920 /* Applications */ = {
			isa = PBXGroup;
			children = (
			);
			path = Applications;
			sourceTree = "<group>";
		};
		69A8539929D1BCE800254920 /* Helpers */ = {
			isa = PBXGroup;
			children = (
				69A8539A29D1BCFA00254920 /* Tools.swift */,
			);
			path = Helpers;
			sourceTree = "<group>";
		};
		69D6343629D5845600E5C6C1 /* Model */ = {
			isa = PBXGroup;
			children = (
				69D6343729D5846400E5C6C1 /* Film.swift */,
			);
			path = Model;
			sourceTree = "<group>";
		};
/* End PBXGroup section */

/* Begin PBXNativeTarget section */
		69A8536C29D079DB00254920 /* FilmsInfo */ = {
			isa = PBXNativeTarget;
			buildConfigurationList = 69A8538129D079DC00254920 /* Build configuration list for PBXNativeTarget "FilmsInfo" */;
			buildPhases = (
				69A8536929D079DB00254920 /* Sources */,
				69A8536A29D079DB00254920 /* Frameworks */,
				69A8536B29D079DB00254920 /* Resources */,
			);
			buildRules = (
			);
			dependencies = (
			);
			name = FilmsInfo;
			productName = HDRezka;
			productReference = 69A8536D29D079DB00254920 /* FilmsInfo.app */;
			productType = "com.apple.product-type.application";
		};
/* End PBXNativeTarget section */

/* Begin PBXProject section */
		69A8536529D079DB00254920 /* Project object */ = {
			isa = PBXProject;
			attributes = {
				BuildIndependentTargetsInParallel = 1;
				LastSwiftUpdateCheck = 1420;
				LastUpgradeCheck = 1420;
				TargetAttributes = {
					69A8536C29D079DB00254920 = {
						CreatedOnToolsVersion = 14.2;
					};
				};
			};
			buildConfigurationList = 69A8536829D079DB00254920 /* Build configuration list for PBXProject "FilmsInfo" */;
			compatibilityVersion = "Xcode 14.0";
			developmentRegion = en;
			hasScannedForEncodings = 0;
			knownRegions = (
				en,
				Base,
			);
			mainGroup = 69A8536429D079DB00254920;
			productRefGroup = 69A8536E29D079DB00254920 /* Products */;
			projectDirPath = "";
			projectRoot = "";
			targets = (
				69A8536C29D079DB00254920 /* FilmsInfo */,
			);
		};
/* End PBXProject section */

/* Begin PBXResourcesBuildPhase section */
		69A8536B29D079DB00254920 /* Resources */ = {
			isa = PBXResourcesBuildPhase;
			buildActionMask = 2147483647;
			files = (
				69A8537D29D079DC00254920 /* LaunchScreen.storyboard in Resources */,
				69A8537A29D079DC00254920 /* Assets.xcassets in Resources */,
				69A8537829D079DB00254920 /* Main.storyboard in Resources */,
			);
			runOnlyForDeploymentPostprocessing = 0;
		};
/* End PBXResourcesBuildPhase section */

/* Begin PBXSourcesBuildPhase section */
		69A8536929D079DB00254920 /* Sources */ = {
			isa = PBXSourcesBuildPhase;
			buildActionMask = 2147483647;
			files = (
				69A8538C29D0845600254920 /* LoginController.swift in Sources */,
				69A8539529D19B3600254920 /* User.swift in Sources */,
				69D6343C29D5AEC300E5C6C1 /* FilmTableViewController.swift in Sources */,
				69A8537129D079DB00254920 /* AppDelegate.swift in Sources */,
				69D6343A29D584B200E5C6C1 /* FilmController.swift in Sources */,
				69A8539029D0849200254920 /* AuthController.swift in Sources */,
				69D6343829D5846400E5C6C1 /* Film.swift in Sources */,
				69A8539729D19C2300254920 /* Storage.swift in Sources */,
				69A8539B29D1BCFA00254920 /* Tools.swift in Sources */,
				69A8538E29D0846800254920 /* RegistrationController.swift in Sources */,
				69A8537329D079DB00254920 /* SceneDelegate.swift in Sources */,
			);
			runOnlyForDeploymentPostprocessing = 0;
		};
/* End PBXSourcesBuildPhase section */

/* Begin PBXVariantGroup section */
		69A8537629D079DB00254920 /* Main.storyboard */ = {
			isa = PBXVariantGroup;
			children = (
				69A8537729D079DB00254920 /* Base */,
			);
			name = Main.storyboard;
			sourceTree = "<group>";
		};
		69A8537B29D079DC00254920 /* LaunchScreen.storyboard */ = {
			isa = PBXVariantGroup;
			children = (
				69A8537C29D079DC00254920 /* Base */,
			);
			name = LaunchScreen.storyboard;
			sourceTree = "<group>";
		};
/* End PBXVariantGroup section */

/* Begin XCBuildConfiguration section */
		69A8537F29D079DC00254920 /* Debug */ = {
			isa = XCBuildConfiguration;
			buildSettings = {
				ALWAYS_SEARCH_USER_PATHS = NO;
				CLANG_ANALYZER_NONNULL = YES;
				CLANG_ANALYZER_NUMBER_OBJECT_CONVERSION = YES_AGGRESSIVE;
				CLANG_CXX_LANGUAGE_STANDARD = "gnu++20";
				CLANG_ENABLE_MODULES = YES;
				CLANG_ENABLE_OBJC_ARC = YES;
				CLANG_ENABLE_OBJC_WEAK = YES;
				CLANG_WARN_BLOCK_CAPTURE_AUTORELEASING = YES;
				CLANG_WARN_BOOL_CONVERSION = YES;
				CLANG_WARN_COMMA = YES;
				CLANG_WARN_CONSTANT_CONVERSION = YES;
				CLANG_WARN_DEPRECATED_OBJC_IMPLEMENTATIONS = YES;
				CLANG_WARN_DIRECT_OBJC_ISA_USAGE = YES_ERROR;
				CLANG_WARN_DOCUMENTATION_COMMENTS = YES;
				CLANG_WARN_EMPTY_BODY = YES;
				CLANG_WARN_ENUM_CONVERSION = YES;
				CLANG_WARN_INFINITE_RECURSION = YES;
				CLANG_WARN_INT_CONVERSION = YES;
				CLANG_WARN_NON_LITERAL_NULL_CONVERSION = YES;
				CLANG_WARN_OBJC_IMPLICIT_RETAIN_SELF = YES;
				CLANG_WARN_OBJC_LITERAL_CONVERSION = YES;
				CLANG_WARN_OBJC_ROOT_CLASS = YES_ERROR;
				CLANG_WARN_QUOTED_INCLUDE_IN_FRAMEWORK_HEADER = YES;
				CLANG_WARN_RANGE_LOOP_ANALYSIS = YES;
				CLANG_WARN_STRICT_PROTOTYPES = YES;
				CLANG_WARN_SUSPICIOUS_MOVE = YES;
				CLANG_WARN_UNGUARDED_AVAILABILITY = YES_AGGRESSIVE;
				CLANG_WARN_UNREACHABLE_CODE = YES;
				CLANG_WARN__DUPLICATE_METHOD_MATCH = YES;
				COPY_PHASE_STRIP = NO;
				DEBUG_INFORMATION_FORMAT = dwarf;
				ENABLE_STRICT_OBJC_MSGSEND = YES;
				ENABLE_TESTABILITY = YES;
				GCC_C_LANGUAGE_STANDARD = gnu11;
				GCC_DYNAMIC_NO_PIC = NO;
				GCC_NO_COMMON_BLOCKS = YES;
				GCC_OPTIMIZATION_LEVEL = 0;
				GCC_PREPROCESSOR_DEFINITIONS = (
					"DEBUG=1",
					"$(inherited)",
				);
				GCC_WARN_64_TO_32_BIT_CONVERSION = YES;
				GCC_WARN_ABOUT_RETURN_TYPE = YES_ERROR;
				GCC_WARN_UNDECLARED_SELECTOR = YES;
				GCC_WARN_UNINITIALIZED_AUTOS = YES_AGGRESSIVE;
				GCC_WARN_UNUSED_FUNCTION = YES;
				GCC_WARN_UNUSED_VARIABLE = YES;
				IPHONEOS_DEPLOYMENT_TARGET = 16.0;
				MTL_ENABLE_DEBUG_INFO = INCLUDE_SOURCE;
				MTL_FAST_MATH = YES;
				ONLY_ACTIVE_ARCH = YES;
				SDKROOT = iphoneos;
				SWIFT_ACTIVE_COMPILATION_CONDITIONS = DEBUG;
				SWIFT_OPTIMIZATION_LEVEL = "-Onone";
			};
			name = Debug;
		};
		69A8538029D079DC00254920 /* Release */ = {
			isa = XCBuildConfiguration;
			buildSettings = {
				ALWAYS_SEARCH_USER_PATHS = NO;
				CLANG_ANALYZER_NONNULL = YES;
				CLANG_ANALYZER_NUMBER_OBJECT_CONVERSION = YES_AGGRESSIVE;
				CLANG_CXX_LANGUAGE_STANDARD = "gnu++20";
				CLANG_ENABLE_MODULES = YES;
				CLANG_ENABLE_OBJC_ARC = YES;
				CLANG_ENABLE_OBJC_WEAK = YES;
				CLANG_WARN_BLOCK_CAPTURE_AUTORELEASING = YES;
				CLANG_WARN_BOOL_CONVERSION = YES;
				CLANG_WARN_COMMA = YES;
				CLANG_WARN_CONSTANT_CONVERSION = YES;
				CLANG_WARN_DEPRECATED_OBJC_IMPLEMENTATIONS = YES;
				CLANG_WARN_DIRECT_OBJC_ISA_USAGE = YES_ERROR;
				CLANG_WARN_DOCUMENTATION_COMMENTS = YES;
				CLANG_WARN_EMPTY_BODY = YES;
				CLANG_WARN_ENUM_CONVERSION = YES;
				CLANG_WARN_INFINITE_RECURSION = YES;
				CLANG_WARN_INT_CONVERSION = YES;
				CLANG_WARN_NON_LITERAL_NULL_CONVERSION = YES;
				CLANG_WARN_OBJC_IMPLICIT_RETAIN_SELF = YES;
				CLANG_WARN_OBJC_LITERAL_CONVERSION = YES;
				CLANG_WARN_OBJC_ROOT_CLASS = YES_ERROR;
				CLANG_WARN_QUOTED_INCLUDE_IN_FRAMEWORK_HEADER = YES;
				CLANG_WARN_RANGE_LOOP_ANALYSIS = YES;
				CLANG_WARN_STRICT_PROTOTYPES = YES;
				CLANG_WARN_SUSPICIOUS_MOVE = YES;
				CLANG_WARN_UNGUARDED_AVAILABILITY = YES_AGGRESSIVE;
				CLANG_WARN_UNREACHABLE_CODE = YES;
				CLANG_WARN__DUPLICATE_METHOD_MATCH = YES;
				COPY_PHASE_STRIP = NO;
				DEBUG_INFORMATION_FORMAT = "dwarf-with-dsym";
				ENABLE_NS_ASSERTIONS = NO;
				ENABLE_STRICT_OBJC_MSGSEND = YES;
				GCC_C_LANGUAGE_STANDARD = gnu11;
				GCC_NO_COMMON_BLOCKS = YES;
				GCC_WARN_64_TO_32_BIT_CONVERSION = YES;
				GCC_WARN_ABOUT_RETURN_TYPE = YES_ERROR;
				GCC_WARN_UNDECLARED_SELECTOR = YES;
				GCC_WARN_UNINITIALIZED_AUTOS = YES_AGGRESSIVE;
				GCC_WARN_UNUSED_FUNCTION = YES;
				GCC_WARN_UNUSED_VARIABLE = YES;
				IPHONEOS_DEPLOYMENT_TARGET = 16.0;
				MTL_ENABLE_DEBUG_INFO = NO;
				MTL_FAST_MATH = YES;
				SDKROOT = iphoneos;
				SWIFT_COMPILATION_MODE = wholemodule;
				SWIFT_OPTIMIZATION_LEVEL = "-O";
				VALIDATE_PRODUCT = YES;
			};
			name = Release;
		};
		69A8538229D079DC00254920 /* Debug */ = {
			isa = XCBuildConfiguration;
			buildSettings = {
				ASSETCATALOG_COMPILER_APPICON_NAME = AppIcon;
				ASSETCATALOG_COMPILER_GLOBAL_ACCENT_COLOR_NAME = AccentColor;
				CODE_SIGN_STYLE = Automatic;
				CURRENT_PROJECT_VERSION = 1;
				DEVELOPMENT_TEAM = 9N9JA5WXC4;
				GENERATE_INFOPLIST_FILE = YES;
				INFOPLIST_FILE = HDRezka/Info.plist;
				INFOPLIST_KEY_CFBundleDisplayName = HdRezka;
				INFOPLIST_KEY_LSApplicationCategoryType = "public.app-category.video";
				INFOPLIST_KEY_UIApplicationSupportsIndirectInputEvents = YES;
				INFOPLIST_KEY_UILaunchStoryboardName = LaunchScreen.storyboard;
				INFOPLIST_KEY_UIMainStoryboardFile = Main;
				INFOPLIST_KEY_UISupportedInterfaceOrientations_iPad = "UIInterfaceOrientationPortrait UIInterfaceOrientationPortraitUpsideDown UIInterfaceOrientationLandscapeLeft UIInterfaceOrientationLandscapeRight";
				INFOPLIST_KEY_UISupportedInterfaceOrientations_iPhone = "UIInterfaceOrientationPortrait UIInterfaceOrientationLandscapeLeft UIInterfaceOrientationLandscapeRight";
				IPHONEOS_DEPLOYMENT_TARGET = 16.0;
				LD_RUNPATH_SEARCH_PATHS = (
					"$(inherited)",
					"@executable_path/Frameworks",
				);
				MARKETING_VERSION = 1.0;
				PRODUCT_BUNDLE_IDENTIFIER = by.benikov.HDRezka;
				PRODUCT_NAME = "$(TARGET_NAME)";
				SUPPORTED_PLATFORMS = "iphoneos iphonesimulator";
				SUPPORTS_MACCATALYST = NO;
				SUPPORTS_MAC_DESIGNED_FOR_IPHONE_IPAD = NO;
				SWIFT_EMIT_LOC_STRINGS = YES;
				SWIFT_VERSION = 5.0;
				TARGETED_DEVICE_FAMILY = "1,2";
			};
			name = Debug;
		};
		69A8538329D079DC00254920 /* Release */ = {
			isa = XCBuildConfiguration;
			buildSettings = {
				ASSETCATALOG_COMPILER_APPICON_NAME = AppIcon;
				ASSETCATALOG_COMPILER_GLOBAL_ACCENT_COLOR_NAME = AccentColor;
				CODE_SIGN_STYLE = Automatic;
				CURRENT_PROJECT_VERSION = 1;
				DEVELOPMENT_TEAM = 9N9JA5WXC4;
				GENERATE_INFOPLIST_FILE = YES;
				INFOPLIST_FILE = HDRezka/Info.plist;
				INFOPLIST_KEY_CFBundleDisplayName = HdRezka;
				INFOPLIST_KEY_LSApplicationCategoryType = "public.app-category.video";
				INFOPLIST_KEY_UIApplicationSupportsIndirectInputEvents = YES;
				INFOPLIST_KEY_UILaunchStoryboardName = LaunchScreen.storyboard;
				INFOPLIST_KEY_UIMainStoryboardFile = Main;
				INFOPLIST_KEY_UISupportedInterfaceOrientations_iPad = "UIInterfaceOrientationPortrait UIInterfaceOrientationPortraitUpsideDown UIInterfaceOrientationLandscapeLeft UIInterfaceOrientationLandscapeRight";
				INFOPLIST_KEY_UISupportedInterfaceOrientations_iPhone = "UIInterfaceOrientationPortrait UIInterfaceOrientationLandscapeLeft UIInterfaceOrientationLandscapeRight";
				IPHONEOS_DEPLOYMENT_TARGET = 16.0;
				LD_RUNPATH_SEARCH_PATHS = (
					"$(inherited)",
					"@executable_path/Frameworks",
				);
				MARKETING_VERSION = 1.0;
				PRODUCT_BUNDLE_IDENTIFIER = by.benikov.HDRezka;
				PRODUCT_NAME = "$(TARGET_NAME)";
				SUPPORTED_PLATFORMS = "iphoneos iphonesimulator";
				SUPPORTS_MACCATALYST = NO;
				SUPPORTS_MAC_DESIGNED_FOR_IPHONE_IPAD = NO;
				SWIFT_EMIT_LOC_STRINGS = YES;
				SWIFT_VERSION = 5.0;
				TARGETED_DEVICE_FAMILY = "1,2";
			};
			name = Release;
		};
/* End XCBuildConfiguration section */

/* Begin XCConfigurationList section */
		69A8536829D079DB00254920 /* Build configuration list for PBXProject "FilmsInfo" */ = {
			isa = XCConfigurationList;
			buildConfigurations = (
				69A8537F29D079DC00254920 /* Debug */,
				69A8538029D079DC00254920 /* Release */,
			);
			defaultConfigurationIsVisible = 0;
			defaultConfigurationName = Release;
		};
		69A8538129D079DC00254920 /* Build configuration list for PBXNativeTarget "FilmsInfo" */ = {
			isa = XCConfigurationList;
			buildConfigurations = (
				69A8538229D079DC00254920 /* Debug */,
				69A8538329D079DC00254920 /* Release */,
			);
			defaultConfigurationIsVisible = 0;
			defaultConfigurationName = Release;
		};
/* End XCConfigurationList section */
	};
	rootObject = 69A8536529D079DB00254920 /* Project object */;
}
